
Microsoft Visual Studio Solution File, Format Version 12.00
# Visual Studio 15
VisualStudioVersion = 15.0.26730.12
MinimumVisualStudioVersion = 10.0.40219.1
Project("{FAE04EC0-301F-11D3-BF4B-00C04F79EFBC}") = "SalaryCalculatorTestProject.cs", "SalaryCalculatorTestProject.cs\SalaryCalculatorTestProject.cs.csproj", "{B59BCB6A-81AD-410E-83BC-3F3F7A0E9508}"
EndProject
Project("{FAE04EC0-301F-11D3-BF4B-00C04F79EFBC}") = "CalculatorLibrary", "CalculatorLibrary\CalculatorLibrary.csproj", "{193942CC-054D-4901-B3F1-93D4C667B981}"
EndProject
Global
	GlobalSection(SolutionConfigurationPlatforms) = preSolution
		Debug|Any CPU = Debug|Any CPU
		Release|Any CPU = Release|Any CPU
	EndGlobalSection
	GlobalSection(ProjectConfigurationPlatforms) = postSolution
		{B59BCB6A-81AD-410E-83BC-3F3F7A0E9508}.Debug|Any CPU.ActiveCfg = Debug|Any CPU
		{B59BCB6A-81AD-410E-83BC-3F3F7A0E9508}.Debug|Any CPU.Build.0 = Debug|Any CPU
		{B59BCB6A-81AD-410E-83BC-3F3F7A0E9508}.Release|Any CPU.ActiveCfg = Release|Any CPU
		{B59BCB6A-81AD-410E-83BC-3F3F7A0E9508}.Release|Any CPU.Build.0 = Release|Any CPU
		{193942CC-054D-4901-B3F1-93D4C667B981}.Debug|Any CPU.ActiveCfg = Debug|Any CPU
		{193942CC-054D-4901-B3F1-93D4C667B981}.Debug|Any CPU.Build.0 = Debug|Any CPU
		{193942CC-054D-4901-B3F1-93D4C667B981}.Release|Any CPU.ActiveCfg = Release|Any CPU
		{193942CC-054D-4901-B3F1-93D4C667B981}.Release|Any CPU.Build.0 = Release|Any CPU
	EndGlobalSection
	GlobalSection(SolutionProperties) = preSolution
		HideSolutionNode = FALSE
	EndGlobalSection
	GlobalSection(ExtensibilityGlobals) = postSolution
		SolutionGuid = {4162BB4F-751D-4259-A307-94AE3CE14D95}
	EndGlobalSection
EndGlobal
